
Microsoft Visual Studio Solution File, Format Version 12.00
# Visual Studio 15
VisualStudioVersion = 15.0.27428.2027
MinimumVisualStudioVersion = 10.0.40219.1
Project("{FAE04EC0-301F-11D3-BF4B-00C04F79EFBC}") = "IdentityServerCenter", "IdentityServerCenter\IdentityServerCenter.csproj", "{9AD33E5F-C8AB-4828-95B6-3BC3FEC40B49}"
EndProject
Global
	GlobalSection(SolutionConfigurationPlatforms) = preSolution
		Debug|Any CPU = Debug|Any CPU
		Release|Any CPU = Release|Any CPU
	EndGlobalSection
	GlobalSection(ProjectConfigurationPlatforms) = postSolution
		{9AD33E5F-C8AB-4828-95B6-3BC3FEC40B49}.Debug|Any CPU.ActiveCfg = Debug|Any CPU
		{9AD33E5F-C8AB-4828-95B6-3BC3FEC40B49}.Debug|Any CPU.Build.0 = Debug|Any CPU
		{9AD33E5F-C8AB-4828-95B6-3BC3FEC40B49}.Release|Any CPU.ActiveCfg = Release|Any CPU
		{9AD33E5F-C8AB-4828-95B6-3BC3FEC40B49}.Release|Any CPU.Build.0 = Release|Any CPU
	EndGlobalSection
	GlobalSection(SolutionProperties) = preSolution
		HideSolutionNode = FALSE
	EndGlobalSection
	GlobalSection(ExtensibilityGlobals) = postSolution
		SolutionGuid = {7139F372-BAEB-4C9C-81A2-C468AD02EEE7}
	EndGlobalSection
EndGlobal
