
Microsoft Visual Studio Solution File, Format Version 12.00
# Visual Studio 15
VisualStudioVersion = 15.0.28307.136
MinimumVisualStudioVersion = 10.0.40219.1
Project("{FAE04EC0-301F-11D3-BF4B-00C04F79EFBC}") = "ApiWithRedisDockerTest", "ApiWithRedisDockerTest\ApiWithRedisDockerTest.csproj", "{05273EEE-4C26-4D82-AD31-DC285B76B8C2}"
EndProject
Global
	GlobalSection(SolutionConfigurationPlatforms) = preSolution
		Debug|Any CPU = Debug|Any CPU
		Release|Any CPU = Release|Any CPU
	EndGlobalSection
	GlobalSection(ProjectConfigurationPlatforms) = postSolution
		{05273EEE-4C26-4D82-AD31-DC285B76B8C2}.Debug|Any CPU.ActiveCfg = Debug|Any CPU
		{05273EEE-4C26-4D82-AD31-DC285B76B8C2}.Debug|Any CPU.Build.0 = Debug|Any CPU
		{05273EEE-4C26-4D82-AD31-DC285B76B8C2}.Release|Any CPU.ActiveCfg = Release|Any CPU
		{05273EEE-4C26-4D82-AD31-DC285B76B8C2}.Release|Any CPU.Build.0 = Release|Any CPU
	EndGlobalSection
	GlobalSection(SolutionProperties) = preSolution
		HideSolutionNode = FALSE
	EndGlobalSection
	GlobalSection(ExtensibilityGlobals) = postSolution
		SolutionGuid = {F3E28766-5984-40F4-AEBE-2C5BFC91E4D3}
	EndGlobalSection
EndGlobal
