
Microsoft Visual Studio Solution File, Format Version 12.00
# Visual Studio 15
VisualStudioVersion = 15.0.27428.2027
MinimumVisualStudioVersion = 10.0.40219.1
Project("{FAE04EC0-301F-11D3-BF4B-00C04F79EFBC}") = "Interlocked_sample", "Interlocked\Interlocked_sample.csproj", "{3204F2D8-FEF1-4255-8707-6B5F96CAE94F}"
EndProject
Global
	GlobalSection(SolutionConfigurationPlatforms) = preSolution
		Debug|Any CPU = Debug|Any CPU
		Release|Any CPU = Release|Any CPU
	EndGlobalSection
	GlobalSection(ProjectConfigurationPlatforms) = postSolution
		{3204F2D8-FEF1-4255-8707-6B5F96CAE94F}.Debug|Any CPU.ActiveCfg = Debug|Any CPU
		{3204F2D8-FEF1-4255-8707-6B5F96CAE94F}.Debug|Any CPU.Build.0 = Debug|Any CPU
		{3204F2D8-FEF1-4255-8707-6B5F96CAE94F}.Release|Any CPU.ActiveCfg = Release|Any CPU
		{3204F2D8-FEF1-4255-8707-6B5F96CAE94F}.Release|Any CPU.Build.0 = Release|Any CPU
	EndGlobalSection
	GlobalSection(SolutionProperties) = preSolution
		HideSolutionNode = FALSE
	EndGlobalSection
	GlobalSection(ExtensibilityGlobals) = postSolution
		SolutionGuid = {797120E9-F086-41DE-AFAB-1C10A3385284}
	EndGlobalSection
EndGlobal
