
Microsoft Visual Studio Solution File, Format Version 12.00
# Visual Studio 15
VisualStudioVersion = 15.0.28307.136
MinimumVisualStudioVersion = 10.0.40219.1
Project("{FAE04EC0-301F-11D3-BF4B-00C04F79EFBC}") = "BaseTypeDemo", "BaseTypeDemo\BaseTypeDemo.csproj", "{C5B91A62-26C9-40B2-9821-59ECA9C7A77C}"
EndProject
Global
	GlobalSection(SolutionConfigurationPlatforms) = preSolution
		Debug|Any CPU = Debug|Any CPU
		Release|Any CPU = Release|Any CPU
	EndGlobalSection
	GlobalSection(ProjectConfigurationPlatforms) = postSolution
		{C5B91A62-26C9-40B2-9821-59ECA9C7A77C}.Debug|Any CPU.ActiveCfg = Debug|Any CPU
		{C5B91A62-26C9-40B2-9821-59ECA9C7A77C}.Debug|Any CPU.Build.0 = Debug|Any CPU
		{C5B91A62-26C9-40B2-9821-59ECA9C7A77C}.Release|Any CPU.ActiveCfg = Release|Any CPU
		{C5B91A62-26C9-40B2-9821-59ECA9C7A77C}.Release|Any CPU.Build.0 = Release|Any CPU
	EndGlobalSection
	GlobalSection(SolutionProperties) = preSolution
		HideSolutionNode = FALSE
	EndGlobalSection
	GlobalSection(ExtensibilityGlobals) = postSolution
		SolutionGuid = {6AF50271-FD31-4ADF-97B7-FF1102FC8608}
	EndGlobalSection
EndGlobal
