
Microsoft Visual Studio Solution File, Format Version 12.00
# Visual Studio 15
VisualStudioVersion = 15.0.28307.136
MinimumVisualStudioVersion = 10.0.40219.1
Project("{FAE04EC0-301F-11D3-BF4B-00C04F79EFBC}") = "LifeTimeDemo", "LifeTimeDemo\LifeTimeDemo.csproj", "{F42C7893-2208-43FE-B7DF-4C32E7732B11}"
EndProject
Global
	GlobalSection(SolutionConfigurationPlatforms) = preSolution
		Debug|Any CPU = Debug|Any CPU
		Release|Any CPU = Release|Any CPU
	EndGlobalSection
	GlobalSection(ProjectConfigurationPlatforms) = postSolution
		{F42C7893-2208-43FE-B7DF-4C32E7732B11}.Debug|Any CPU.ActiveCfg = Debug|Any CPU
		{F42C7893-2208-43FE-B7DF-4C32E7732B11}.Debug|Any CPU.Build.0 = Debug|Any CPU
		{F42C7893-2208-43FE-B7DF-4C32E7732B11}.Release|Any CPU.ActiveCfg = Release|Any CPU
		{F42C7893-2208-43FE-B7DF-4C32E7732B11}.Release|Any CPU.Build.0 = Release|Any CPU
	EndGlobalSection
	GlobalSection(SolutionProperties) = preSolution
		HideSolutionNode = FALSE
	EndGlobalSection
	GlobalSection(ExtensibilityGlobals) = postSolution
		SolutionGuid = {F63CFE2E-77F6-416F-8BE8-9C82AAB8534F}
	EndGlobalSection
EndGlobal
