
Microsoft Visual Studio Solution File, Format Version 12.00
# Visual Studio 15
VisualStudioVersion = 15.0.27428.2027
MinimumVisualStudioVersion = 10.0.40219.1
Project("{FAE04EC0-301F-11D3-BF4B-00C04F79EFBC}") = "BaseDataStruct", "BaseDataStruct\BaseDataStruct.csproj", "{BD6D62DD-58EE-44C0-BB68-4423F30A5D69}"
EndProject
Global
	GlobalSection(SolutionConfigurationPlatforms) = preSolution
		Debug|Any CPU = Debug|Any CPU
		Release|Any CPU = Release|Any CPU
	EndGlobalSection
	GlobalSection(ProjectConfigurationPlatforms) = postSolution
		{BD6D62DD-58EE-44C0-BB68-4423F30A5D69}.Debug|Any CPU.ActiveCfg = Debug|Any CPU
		{BD6D62DD-58EE-44C0-BB68-4423F30A5D69}.Debug|Any CPU.Build.0 = Debug|Any CPU
		{BD6D62DD-58EE-44C0-BB68-4423F30A5D69}.Release|Any CPU.ActiveCfg = Release|Any CPU
		{BD6D62DD-58EE-44C0-BB68-4423F30A5D69}.Release|Any CPU.Build.0 = Release|Any CPU
	EndGlobalSection
	GlobalSection(SolutionProperties) = preSolution
		HideSolutionNode = FALSE
	EndGlobalSection
	GlobalSection(ExtensibilityGlobals) = postSolution
		SolutionGuid = {C828F013-1DEB-4C7A-B036-31621679A20F}
	EndGlobalSection
EndGlobal
