
Microsoft Visual Studio Solution File, Format Version 12.00
# Visual Studio 15
VisualStudioVersion = 15.0.27428.2027
MinimumVisualStudioVersion = 10.0.40219.1
Project("{9A19103F-16F7-4668-BE54-9A1E7A4F7556}") = "RedisConsole", "RedisConsole\RedisConsole.csproj", "{A8884BE7-F6D2-4FA3-B5E6-3137D3F8D627}"
EndProject
Project("{FAE04EC0-301F-11D3-BF4B-00C04F79EFBC}") = "RedisConsol_2", "RedisConsol_2\RedisConsol_2.csproj", "{30A04327-50D2-4EAF-BF37-D055820E6EB3}"
EndProject
Global
	GlobalSection(SolutionConfigurationPlatforms) = preSolution
		Debug|Any CPU = Debug|Any CPU
		Release|Any CPU = Release|Any CPU
	EndGlobalSection
	GlobalSection(ProjectConfigurationPlatforms) = postSolution
		{A8884BE7-F6D2-4FA3-B5E6-3137D3F8D627}.Debug|Any CPU.ActiveCfg = Debug|Any CPU
		{A8884BE7-F6D2-4FA3-B5E6-3137D3F8D627}.Debug|Any CPU.Build.0 = Debug|Any CPU
		{A8884BE7-F6D2-4FA3-B5E6-3137D3F8D627}.Release|Any CPU.ActiveCfg = Release|Any CPU
		{A8884BE7-F6D2-4FA3-B5E6-3137D3F8D627}.Release|Any CPU.Build.0 = Release|Any CPU
		{30A04327-50D2-4EAF-BF37-D055820E6EB3}.Debug|Any CPU.ActiveCfg = Debug|Any CPU
		{30A04327-50D2-4EAF-BF37-D055820E6EB3}.Debug|Any CPU.Build.0 = Debug|Any CPU
		{30A04327-50D2-4EAF-BF37-D055820E6EB3}.Release|Any CPU.ActiveCfg = Release|Any CPU
		{30A04327-50D2-4EAF-BF37-D055820E6EB3}.Release|Any CPU.Build.0 = Release|Any CPU
	EndGlobalSection
	GlobalSection(SolutionProperties) = preSolution
		HideSolutionNode = FALSE
	EndGlobalSection
	GlobalSection(ExtensibilityGlobals) = postSolution
		SolutionGuid = {CA123C80-8648-407A-BA51-2BF917E91152}
	EndGlobalSection
EndGlobal
